// !$*UTF8*$!
{
	archiveVersion = 1;
	classes = {
	};
	objectVersion = 56;
	objects = {

/* Begin PBXBuildFile section */
		1E9934ED2B0383B900D02AEE /* NanoChallengeApp.swift in Sources */ = {isa = PBXBuildFile; fileRef = 1E9934EC2B0383B900D02AEE /* NanoChallengeApp.swift */; };
		1E9934EF2B0383B900D02AEE /* ContentView.swift in Sources */ = {isa = PBXBuildFile; fileRef = 1E9934EE2B0383B900D02AEE /* ContentView.swift */; };
		1E9934F12B0383B900D02AEE /* Item.swift in Sources */ = {isa = PBXBuildFile; fileRef = 1E9934F02B0383B900D02AEE /* Item.swift */; };
		1E9934F32B0383BA00D02AEE /* Assets.xcassets in Resources */ = {isa = PBXBuildFile; fileRef = 1E9934F22B0383BA00D02AEE /* Assets.xcassets */; };
		1E9934F62B0383BA00D02AEE /* Preview Assets.xcassets in Resources */ = {isa = PBXBuildFile; fileRef = 1E9934F52B0383BA00D02AEE /* Preview Assets.xcassets */; };
		1E9935002B0383BA00D02AEE /* NanoChallengeTests.swift in Sources */ = {isa = PBXBuildFile; fileRef = 1E9934FF2B0383BA00D02AEE /* NanoChallengeTests.swift */; };
		1E99350A2B0383BA00D02AEE /* NanoChallengeUITests.swift in Sources */ = {isa = PBXBuildFile; fileRef = 1E9935092B0383BA00D02AEE /* NanoChallengeUITests.swift */; };
		1E99350C2B0383BA00D02AEE /* NanoChallengeUITestsLaunchTests.swift in Sources */ = {isa = PBXBuildFile; fileRef = 1E99350B2B0383BA00D02AEE /* NanoChallengeUITestsLaunchTests.swift */; };
/* End PBXBuildFile section */

/* Begin PBXContainerItemProxy section */
		1E9934FC2B0383BA00D02AEE /* PBXContainerItemProxy */ = {
			isa = PBXContainerItemProxy;
			containerPortal = 1E9934E12B0383B900D02AEE /* Project object */;
			proxyType = 1;
			remoteGlobalIDString = 1E9934E82B0383B900D02AEE;
			remoteInfo = NanoChallenge;
		};
		1E9935062B0383BA00D02AEE /* PBXContainerItemProxy */ = {
			isa = PBXContainerItemProxy;
			containerPortal = 1E9934E12B0383B900D02AEE /* Project object */;
			proxyType = 1;
			remoteGlobalIDString = 1E9934E82B0383B900D02AEE;
			remoteInfo = NanoChallenge;
		};
/* End PBXContainerItemProxy section */

/* Begin PBXFileReference section */
		1E9934E92B0383B900D02AEE /* NanoChallenge.app */ = {isa = PBXFileReference; explicitFileType = wrapper.application; includeInIndex = 0; path = NanoChallenge.app; sourceTree = BUILT_PRODUCTS_DIR; };
		1E9934EC2B0383B900D02AEE /* NanoChallengeApp.swift */ = {isa = PBXFileReference; lastKnownFileType = sourcecode.swift; path = NanoChallengeApp.swift; sourceTree = "<group>"; };
		1E9934EE2B0383B900D02AEE /* ContentView.swift */ = {isa = PBXFileReference; lastKnownFileType = sourcecode.swift; path = ContentView.swift; sourceTree = "<group>"; };
		1E9934F02B0383B900D02AEE /* Item.swift */ = {isa = PBXFileReference; lastKnownFileType = sourcecode.swift; path = Item.swift; sourceTree = "<group>"; };
		1E9934F22B0383BA00D02AEE /* Assets.xcassets */ = {isa = PBXFileReference; lastKnownFileType = folder.assetcatalog; path = Assets.xcassets; sourceTree = "<group>"; };
		1E9934F52B0383BA00D02AEE /* Preview Assets.xcassets */ = {isa = PBXFileReference; lastKnownFileType = folder.assetcatalog; path = "Preview Assets.xcassets"; sourceTree = "<group>"; };
		1E9934FB2B0383BA00D02AEE /* NanoChallengeTests.xctest */ = {isa = PBXFileReference; explicitFileType = wrapper.cfbundle; includeInIndex = 0; path = NanoChallengeTests.xctest; sourceTree = BUILT_PRODUCTS_DIR; };
		1E9934FF2B0383BA00D02AEE /* NanoChallengeTests.swift */ = {isa = PBXFileReference; lastKnownFileType = sourcecode.swift; path = NanoChallengeTests.swift; sourceTree = "<group>"; };
		1E9935052B0383BA00D02AEE /* NanoChallengeUITests.xctest */ = {isa = PBXFileReference; explicitFileType = wrapper.cfbundle; includeInIndex = 0; path = NanoChallengeUITests.xctest; sourceTree = BUILT_PRODUCTS_DIR; };
		1E9935092B0383BA00D02AEE /* NanoChallengeUITests.swift */ = {isa = PBXFileReference; lastKnownFileType = sourcecode.swift; path = NanoChallengeUITests.swift; sourceTree = "<group>"; };
		1E99350B2B0383BA00D02AEE /* NanoChallengeUITestsLaunchTests.swift */ = {isa = PBXFileReference; lastKnownFileType = sourcecode.swift; path = NanoChallengeUITestsLaunchTests.swift; sourceTree = "<group>"; };
/* End PBXFileReference section */

/* Begin PBXFrameworksBuildPhase section */
		1E9934E62B0383B900D02AEE /* Frameworks */ = {
			isa = PBXFrameworksBuildPhase;
			buildActionMask = 2147483647;
			files = (
			);
			runOnlyForDeploymentPostprocessing = 0;
		};
		1E9934F82B0383BA00D02AEE /* Frameworks */ = {
			isa = PBXFrameworksBuildPhase;
			buildActionMask = 2147483647;
			files = (
			);
			runOnlyForDeploymentPostprocessing = 0;
		};
		1E9935022B0383BA00D02AEE /* Frameworks */ = {
			isa = PBXFrameworksBuildPhase;
			buildActionMask = 2147483647;
			files = (
			);
			runOnlyForDeploymentPostprocessing = 0;
		};
/* End PBXFrameworksBuildPhase section */

/* Begin PBXGroup section */
		1E9934E02B0383B900D02AEE = {
			isa = PBXGroup;
			children = (
				1E9934EB2B0383B900D02AEE /* NanoChallenge */,
				1E9934FE2B0383BA00D02AEE /* NanoChallengeTests */,
				1E9935082B0383BA00D02AEE /* NanoChallengeUITests */,
				1E9934EA2B0383B900D02AEE /* Products */,
			);
			sourceTree = "<group>";
		};
		1E9934EA2B0383B900D02AEE /* Products */ = {
			isa = PBXGroup;
			children = (
				1E9934E92B0383B900D02AEE /* NanoChallenge.app */,
				1E9934FB2B0383BA00D02AEE /* NanoChallengeTests.xctest */,
				1E9935052B0383BA00D02AEE /* NanoChallengeUITests.xctest */,
			);
			name = Products;
			sourceTree = "<group>";
		};
		1E9934EB2B0383B900D02AEE /* NanoChallenge */ = {
			isa = PBXGroup;
			children = (
				1E9934EC2B0383B900D02AEE /* NanoChallengeApp.swift */,
				1E9934EE2B0383B900D02AEE /* ContentView.swift */,
				1E9934F02B0383B900D02AEE /* Item.swift */,
				1E9934F22B0383BA00D02AEE /* Assets.xcassets */,
				1E9934F42B0383BA00D02AEE /* Preview Content */,
			);
			path = NanoChallenge;
			sourceTree = "<group>";
		};
		1E9934F42B0383BA00D02AEE /* Preview Content */ = {
			isa = PBXGroup;
			children = (
				1E9934F52B0383BA00D02AEE /* Preview Assets.xcassets */,
			);
			path = "Preview Content";
			sourceTree = "<group>";
		};
		1E9934FE2B0383BA00D02AEE /* NanoChallengeTests */ = {
			isa = PBXGroup;
			children = (
				1E9934FF2B0383BA00D02AEE /* NanoChallengeTests.swift */,
			);
			path = NanoChallengeTests;
			sourceTree = "<group>";
		};
		1E9935082B0383BA00D02AEE /* NanoChallengeUITests */ = {
			isa = PBXGroup;
			children = (
				1E9935092B0383BA00D02AEE /* NanoChallengeUITests.swift */,
				1E99350B2B0383BA00D02AEE /* NanoChallengeUITestsLaunchTests.swift */,
			);
			path = NanoChallengeUITests;
			sourceTree = "<group>";
		};
/* End PBXGroup section */

/* Begin PBXNativeTarget section */
		1E9934E82B0383B900D02AEE /* NanoChallenge */ = {
			isa = PBXNativeTarget;
			buildConfigurationList = 1E99350F2B0383BA00D02AEE /* Build configuration list for PBXNativeTarget "NanoChallenge" */;
			buildPhases = (
				1E9934E52B0383B900D02AEE /* Sources */,
				1E9934E62B0383B900D02AEE /* Frameworks */,
				1E9934E72B0383B900D02AEE /* Resources */,
			);
			buildRules = (
			);
			dependencies = (
			);
			name = NanoChallenge;
			productName = NanoChallenge;
			productReference = 1E9934E92B0383B900D02AEE /* NanoChallenge.app */;
			productType = "com.apple.product-type.application";
		};
		1E9934FA2B0383BA00D02AEE /* NanoChallengeTests */ = {
			isa = PBXNativeTarget;
			buildConfigurationList = 1E9935122B0383BA00D02AEE /* Build configuration list for PBXNativeTarget "NanoChallengeTests" */;
			buildPhases = (
				1E9934F72B0383BA00D02AEE /* Sources */,
				1E9934F82B0383BA00D02AEE /* Frameworks */,
				1E9934F92B0383BA00D02AEE /* Resources */,
			);
			buildRules = (
			);
			dependencies = (
				1E9934FD2B0383BA00D02AEE /* PBXTargetDependency */,
			);
			name = NanoChallengeTests;
			productName = NanoChallengeTests;
			productReference = 1E9934FB2B0383BA00D02AEE /* NanoChallengeTests.xctest */;
			productType = "com.apple.product-type.bundle.unit-test";
		};
		1E9935042B0383BA00D02AEE /* NanoChallengeUITests */ = {
			isa = PBXNativeTarget;
			buildConfigurationList = 1E9935152B0383BA00D02AEE /* Build configuration list for PBXNativeTarget "NanoChallengeUITests" */;
			buildPhases = (
				1E9935012B0383BA00D02AEE /* Sources */,
				1E9935022B0383BA00D02AEE /* Frameworks */,
				1E9935032B0383BA00D02AEE /* Resources */,
			);
			buildRules = (
			);
			dependencies = (
				1E9935072B0383BA00D02AEE /* PBXTargetDependency */,
			);
			name = NanoChallengeUITests;
			productName = NanoChallengeUITests;
			productReference = 1E9935052B0383BA00D02AEE /* NanoChallengeUITests.xctest */;
			productType = "com.apple.product-type.bundle.ui-testing";
		};
/* End PBXNativeTarget section */

/* Begin PBXProject section */
		1E9934E12B0383B900D02AEE /* Project object */ = {
			isa = PBXProject;
			attributes = {
				BuildIndependentTargetsInParallel = 1;
				LastSwiftUpdateCheck = 1500;
				LastUpgradeCheck = 1500;
				TargetAttributes = {
					1E9934E82B0383B900D02AEE = {
						CreatedOnToolsVersion = 15.0;
					};
					1E9934FA2B0383BA00D02AEE = {
						CreatedOnToolsVersion = 15.0;
						TestTargetID = 1E9934E82B0383B900D02AEE;
					};
					1E9935042B0383BA00D02AEE = {
						CreatedOnToolsVersion = 15.0;
						TestTargetID = 1E9934E82B0383B900D02AEE;
					};
				};
			};
			buildConfigurationList = 1E9934E42B0383B900D02AEE /* Build configuration list for PBXProject "NanoChallenge" */;
			compatibilityVersion = "Xcode 14.0";
			developmentRegion = en;
			hasScannedForEncodings = 0;
			knownRegions = (
				en,
				Base,
			);
			mainGroup = 1E9934E02B0383B900D02AEE;
			productRefGroup = 1E9934EA2B0383B900D02AEE /* Products */;
			projectDirPath = "";
			projectRoot = "";
			targets = (
				1E9934E82B0383B900D02AEE /* NanoChallenge */,
				1E9934FA2B0383BA00D02AEE /* NanoChallengeTests */,
				1E9935042B0383BA00D02AEE /* NanoChallengeUITests */,
			);
		};
/* End PBXProject section */

/* Begin PBXResourcesBuildPhase section */
		1E9934E72B0383B900D02AEE /* Resources */ = {
			isa = PBXResourcesBuildPhase;
			buildActionMask = 2147483647;
			files = (
				1E9934F62B0383BA00D02AEE /* Preview Assets.xcassets in Resources */,
				1E9934F32B0383BA00D02AEE /* Assets.xcassets in Resources */,
			);
			runOnlyForDeploymentPostprocessing = 0;
		};
		1E9934F92B0383BA00D02AEE /* Resources */ = {
			isa = PBXResourcesBuildPhase;
			buildActionMask = 2147483647;
			files = (
			);
			runOnlyForDeploymentPostprocessing = 0;
		};
		1E9935032B0383BA00D02AEE /* Resources */ = {
			isa = PBXResourcesBuildPhase;
			buildActionMask = 2147483647;
			files = (
			);
			runOnlyForDeploymentPostprocessing = 0;
		};
/* End PBXResourcesBuildPhase section */

/* Begin PBXSourcesBuildPhase section */
		1E9934E52B0383B900D02AEE /* Sources */ = {
			isa = PBXSourcesBuildPhase;
			buildActionMask = 2147483647;
			files = (
				1E9934EF2B0383B900D02AEE /* ContentView.swift in Sources */,
				1E9934F12B0383B900D02AEE /* Item.swift in Sources */,
				1E9934ED2B0383B900D02AEE /* NanoChallengeApp.swift in Sources */,
			);
			runOnlyForDeploymentPostprocessing = 0;
		};
		1E9934F72B0383BA00D02AEE /* Sources */ = {
			isa = PBXSourcesBuildPhase;
			buildActionMask = 2147483647;
			files = (
				1E9935002B0383BA00D02AEE /* NanoChallengeTests.swift in Sources */,
			);
			runOnlyForDeploymentPostprocessing = 0;
		};
		1E9935012B0383BA00D02AEE /* Sources */ = {
			isa = PBXSourcesBuildPhase;
			buildActionMask = 2147483647;
			files = (
				1E99350C2B0383BA00D02AEE /* NanoChallengeUITestsLaunchTests.swift in Sources */,
				1E99350A2B0383BA00D02AEE /* NanoChallengeUITests.swift in Sources */,
			);
			runOnlyForDeploymentPostprocessing = 0;
		};
/* End PBXSourcesBuildPhase section */

/* Begin PBXTargetDependency section */
		1E9934FD2B0383BA00D02AEE /* PBXTargetDependency */ = {
			isa = PBXTargetDependency;
			target = 1E9934E82B0383B900D02AEE /* NanoChallenge */;
			targetProxy = 1E9934FC2B0383BA00D02AEE /* PBXContainerItemProxy */;
		};
		1E9935072B0383BA00D02AEE /* PBXTargetDependency */ = {
			isa = PBXTargetDependency;
			target = 1E9934E82B0383B900D02AEE /* NanoChallenge */;
			targetProxy = 1E9935062B0383BA00D02AEE /* PBXContainerItemProxy */;
		};
/* End PBXTargetDependency section */

/* Begin XCBuildConfiguration section */
		1E99350D2B0383BA00D02AEE /* Debug */ = {
			isa = XCBuildConfiguration;
			buildSettings = {
				ALWAYS_SEARCH_USER_PATHS = NO;
				ASSETCATALOG_COMPILER_GENERATE_SWIFT_ASSET_SYMBOL_EXTENSIONS = YES;
				CLANG_ANALYZER_NONNULL = YES;
				CLANG_ANALYZER_NUMBER_OBJECT_CONVERSION = YES_AGGRESSIVE;
				CLANG_CXX_LANGUAGE_STANDARD = "gnu++20";
				CLANG_ENABLE_MODULES = YES;
				CLANG_ENABLE_OBJC_ARC = YES;
				CLANG_ENABLE_OBJC_WEAK = YES;
				CLANG_WARN_BLOCK_CAPTURE_AUTORELEASING = YES;
				CLANG_WARN_BOOL_CONVERSION = YES;
				CLANG_WARN_COMMA = YES;
				CLANG_WARN_CONSTANT_CONVERSION = YES;
				CLANG_WARN_DEPRECATED_OBJC_IMPLEMENTATIONS = YES;
				CLANG_WARN_DIRECT_OBJC_ISA_USAGE = YES_ERROR;
				CLANG_WARN_DOCUMENTATION_COMMENTS = YES;
				CLANG_WARN_EMPTY_BODY = YES;
				CLANG_WARN_ENUM_CONVERSION = YES;
				CLANG_WARN_INFINITE_RECURSION = YES;
				CLANG_WARN_INT_CONVERSION = YES;
				CLANG_WARN_NON_LITERAL_NULL_CONVERSION = YES;
				CLANG_WARN_OBJC_IMPLICIT_RETAIN_SELF = YES;
				CLANG_WARN_OBJC_LITERAL_CONVERSION = YES;
				CLANG_WARN_OBJC_ROOT_CLASS = YES_ERROR;
				CLANG_WARN_QUOTED_INCLUDE_IN_FRAMEWORK_HEADER = YES;
				CLANG_WARN_RANGE_LOOP_ANALYSIS = YES;
				CLANG_WARN_STRICT_PROTOTYPES = YES;
				CLANG_WARN_SUSPICIOUS_MOVE = YES;
				CLANG_WARN_UNGUARDED_AVAILABILITY = YES_AGGRESSIVE;
				CLANG_WARN_UNREACHABLE_CODE = YES;
				CLANG_WARN__DUPLICATE_METHOD_MATCH = YES;
				COPY_PHASE_STRIP = NO;
				DEBUG_INFORMATION_FORMAT = dwarf;
				ENABLE_STRICT_OBJC_MSGSEND = YES;
				ENABLE_TESTABILITY = YES;
				ENABLE_USER_SCRIPT_SANDBOXING = YES;
				GCC_C_LANGUAGE_STANDARD = gnu17;
				GCC_DYNAMIC_NO_PIC = NO;
				GCC_NO_COMMON_BLOCKS = YES;
				GCC_OPTIMIZATION_LEVEL = 0;
				GCC_PREPROCESSOR_DEFINITIONS = (
					"DEBUG=1",
					"$(inherited)",
				);
				GCC_WARN_64_TO_32_BIT_CONVERSION = YES;
				GCC_WARN_ABOUT_RETURN_TYPE = YES_ERROR;
				GCC_WARN_UNDECLARED_SELECTOR = YES;
				GCC_WARN_UNINITIALIZED_AUTOS = YES_AGGRESSIVE;
				GCC_WARN_UNUSED_FUNCTION = YES;
				GCC_WARN_UNUSED_VARIABLE = YES;
				IPHONEOS_DEPLOYMENT_TARGET = 17.0;
				LOCALIZATION_PREFERS_STRING_CATALOGS = YES;
				MTL_ENABLE_DEBUG_INFO = INCLUDE_SOURCE;
				MTL_FAST_MATH = YES;
				ONLY_ACTIVE_ARCH = YES;
				SDKROOT = iphoneos;
				SWIFT_ACTIVE_COMPILATION_CONDITIONS = "DEBUG $(inherited)";
				SWIFT_OPTIMIZATION_LEVEL = "-Onone";
			};
			name = Debug;
		};
		1E99350E2B0383BA00D02AEE /* Release */ = {
			isa = XCBuildConfiguration;
			buildSettings = {
				ALWAYS_SEARCH_USER_PATHS = NO;
				ASSETCATALOG_COMPILER_GENERATE_SWIFT_ASSET_SYMBOL_EXTENSIONS = YES;
				CLANG_ANALYZER_NONNULL = YES;
				CLANG_ANALYZER_NUMBER_OBJECT_CONVERSION = YES_AGGRESSIVE;
				CLANG_CXX_LANGUAGE_STANDARD = "gnu++20";
				CLANG_ENABLE_MODULES = YES;
				CLANG_ENABLE_OBJC_ARC = YES;
				CLANG_ENABLE_OBJC_WEAK = YES;
				CLANG_WARN_BLOCK_CAPTURE_AUTORELEASING = YES;
				CLANG_WARN_BOOL_CONVERSION = YES;
				CLANG_WARN_COMMA = YES;
				CLANG_WARN_CONSTANT_CONVERSION = YES;
				CLANG_WARN_DEPRECATED_OBJC_IMPLEMENTATIONS = YES;
				CLANG_WARN_DIRECT_OBJC_ISA_USAGE = YES_ERROR;
				CLANG_WARN_DOCUMENTATION_COMMENTS = YES;
				CLANG_WARN_EMPTY_BODY = YES;
				CLANG_WARN_ENUM_CONVERSION = YES;
				CLANG_WARN_INFINITE_RECURSION = YES;
				CLANG_WARN_INT_CONVERSION = YES;
				CLANG_WARN_NON_LITERAL_NULL_CONVERSION = YES;
				CLANG_WARN_OBJC_IMPLICIT_RETAIN_SELF = YES;
				CLANG_WARN_OBJC_LITERAL_CONVERSION = YES;
				CLANG_WARN_OBJC_ROOT_CLASS = YES_ERROR;
				CLANG_WARN_QUOTED_INCLUDE_IN_FRAMEWORK_HEADER = YES;
				CLANG_WARN_RANGE_LOOP_ANALYSIS = YES;
				CLANG_WARN_STRICT_PROTOTYPES = YES;
				CLANG_WARN_SUSPICIOUS_MOVE = YES;
				CLANG_WARN_UNGUARDED_AVAILABILITY = YES_AGGRESSIVE;
				CLANG_WARN_UNREACHABLE_CODE = YES;
				CLANG_WARN__DUPLICATE_METHOD_MATCH = YES;
				COPY_PHASE_STRIP = NO;
				DEBUG_INFORMATION_FORMAT = "dwarf-with-dsym";
				ENABLE_NS_ASSERTIONS = NO;
				ENABLE_STRICT_OBJC_MSGSEND = YES;
				ENABLE_USER_SCRIPT_SANDBOXING = YES;
				GCC_C_LANGUAGE_STANDARD = gnu17;
				GCC_NO_COMMON_BLOCKS = YES;
				GCC_WARN_64_TO_32_BIT_CONVERSION = YES;
				GCC_WARN_ABOUT_RETURN_TYPE = YES_ERROR;
				GCC_WARN_UNDECLARED_SELECTOR = YES;
				GCC_WARN_UNINITIALIZED_AUTOS = YES_AGGRESSIVE;
				GCC_WARN_UNUSED_FUNCTION = YES;
				GCC_WARN_UNUSED_VARIABLE = YES;
				IPHONEOS_DEPLOYMENT_TARGET = 17.0;
				LOCALIZATION_PREFERS_STRING_CATALOGS = YES;
				MTL_ENABLE_DEBUG_INFO = NO;
				MTL_FAST_MATH = YES;
				SDKROOT = iphoneos;
				SWIFT_COMPILATION_MODE = wholemodule;
				VALIDATE_PRODUCT = YES;
			};
			name = Release;
		};
		1E9935102B0383BA00D02AEE /* Debug */ = {
			isa = XCBuildConfiguration;
			buildSettings = {
				ASSETCATALOG_COMPILER_APPICON_NAME = AppIcon;
				ASSETCATALOG_COMPILER_GLOBAL_ACCENT_COLOR_NAME = AccentColor;
				CODE_SIGN_STYLE = Automatic;
				CURRENT_PROJECT_VERSION = 1;
				DEVELOPMENT_ASSET_PATHS = "\"NanoChallenge/Preview Content\"";
				DEVELOPMENT_TEAM = Y6ZAXJYCD5;
				ENABLE_PREVIEWS = YES;
				GENERATE_INFOPLIST_FILE = YES;
				INFOPLIST_KEY_UIApplicationSceneManifest_Generation = YES;
				INFOPLIST_KEY_UIApplicationSupportsIndirectInputEvents = YES;
				INFOPLIST_KEY_UILaunchScreen_Generation = YES;
				INFOPLIST_KEY_UISupportedInterfaceOrientations_iPad = "UIInterfaceOrientationPortrait UIInterfaceOrientationPortraitUpsideDown UIInterfaceOrientationLandscapeLeft UIInterfaceOrientationLandscapeRight";
				INFOPLIST_KEY_UISupportedInterfaceOrientations_iPhone = "UIInterfaceOrientationPortrait UIInterfaceOrientationLandscapeLeft UIInterfaceOrientationLandscapeRight";
				LD_RUNPATH_SEARCH_PATHS = (
					"$(inherited)",
					"@executable_path/Frameworks",
				);
				MARKETING_VERSION = 1.0;
				PRODUCT_BUNDLE_IDENTIFIER = com.giovannimonaco.NanoChallenge;
				PRODUCT_NAME = "$(TARGET_NAME)";
				SWIFT_EMIT_LOC_STRINGS = YES;
				SWIFT_VERSION = 5.0;
				TARGETED_DEVICE_FAMILY = "1,2";
			};
			name = Debug;
		};
		1E9935112B0383BA00D02AEE /* Release */ = {
			isa = XCBuildConfiguration;
			buildSettings = {
				ASSETCATALOG_COMPILER_APPICON_NAME = AppIcon;
				ASSETCATALOG_COMPILER_GLOBAL_ACCENT_COLOR_NAME = AccentColor;
				CODE_SIGN_STYLE = Automatic;
				CURRENT_PROJECT_VERSION = 1;
				DEVELOPMENT_ASSET_PATHS = "\"NanoChallenge/Preview Content\"";
				DEVELOPMENT_TEAM = Y6ZAXJYCD5;
				ENABLE_PREVIEWS = YES;
				GENERATE_INFOPLIST_FILE = YES;
				INFOPLIST_KEY_UIApplicationSceneManifest_Generation = YES;
				INFOPLIST_KEY_UIApplicationSupportsIndirectInputEvents = YES;
				INFOPLIST_KEY_UILaunchScreen_Generation = YES;
				INFOPLIST_KEY_UISupportedInterfaceOrientations_iPad = "UIInterfaceOrientationPortrait UIInterfaceOrientationPortraitUpsideDown UIInterfaceOrientationLandscapeLeft UIInterfaceOrientationLandscapeRight";
				INFOPLIST_KEY_UISupportedInterfaceOrientations_iPhone = "UIInterfaceOrientationPortrait UIInterfaceOrientationLandscapeLeft UIInterfaceOrientationLandscapeRight";
				LD_RUNPATH_SEARCH_PATHS = (
					"$(inherited)",
					"@executable_path/Frameworks",
				);
				MARKETING_VERSION = 1.0;
				PRODUCT_BUNDLE_IDENTIFIER = com.giovannimonaco.NanoChallenge;
				PRODUCT_NAME = "$(TARGET_NAME)";
				SWIFT_EMIT_LOC_STRINGS = YES;
				SWIFT_VERSION = 5.0;
				TARGETED_DEVICE_FAMILY = "1,2";
			};
			name = Release;
		};
		1E9935132B0383BA00D02AEE /* Debug */ = {
			isa = XCBuildConfiguration;
			buildSettings = {
				ALWAYS_EMBED_SWIFT_STANDARD_LIBRARIES = YES;
				BUNDLE_LOADER = "$(TEST_HOST)";
				CODE_SIGN_STYLE = Automatic;
				CURRENT_PROJECT_VERSION = 1;
				DEVELOPMENT_TEAM = Y6ZAXJYCD5;
				GENERATE_INFOPLIST_FILE = YES;
				IPHONEOS_DEPLOYMENT_TARGET = 17.0;
				MARKETING_VERSION = 1.0;
				PRODUCT_BUNDLE_IDENTIFIER = com.giovannimonaco.NanoChallengeTests;
				PRODUCT_NAME = "$(TARGET_NAME)";
				SWIFT_EMIT_LOC_STRINGS = NO;
				SWIFT_VERSION = 5.0;
				TARGETED_DEVICE_FAMILY = "1,2";
				TEST_HOST = "$(BUILT_PRODUCTS_DIR)/NanoChallenge.app/$(BUNDLE_EXECUTABLE_FOLDER_PATH)/NanoChallenge";
			};
			name = Debug;
		};
		1E9935142B0383BA00D02AEE /* Release */ = {
			isa = XCBuildConfiguration;
			buildSettings = {
				ALWAYS_EMBED_SWIFT_STANDARD_LIBRARIES = YES;
				BUNDLE_LOADER = "$(TEST_HOST)";
				CODE_SIGN_STYLE = Automatic;
				CURRENT_PROJECT_VERSION = 1;
				DEVELOPMENT_TEAM = Y6ZAXJYCD5;
				GENERATE_INFOPLIST_FILE = YES;
				IPHONEOS_DEPLOYMENT_TARGET = 17.0;
				MARKETING_VERSION = 1.0;
				PRODUCT_BUNDLE_IDENTIFIER = com.giovannimonaco.NanoChallengeTests;
				PRODUCT_NAME = "$(TARGET_NAME)";
				SWIFT_EMIT_LOC_STRINGS = NO;
				SWIFT_VERSION = 5.0;
				TARGETED_DEVICE_FAMILY = "1,2";
				TEST_HOST = "$(BUILT_PRODUCTS_DIR)/NanoChallenge.app/$(BUNDLE_EXECUTABLE_FOLDER_PATH)/NanoChallenge";
			};
			name = Release;
		};
		1E9935162B0383BA00D02AEE /* Debug */ = {
			isa = XCBuildConfiguration;
			buildSettings = {
				ALWAYS_EMBED_SWIFT_STANDARD_LIBRARIES = YES;
				CODE_SIGN_STYLE = Automatic;
				CURRENT_PROJECT_VERSION = 1;
				DEVELOPMENT_TEAM = Y6ZAXJYCD5;
				GENERATE_INFOPLIST_FILE = YES;
				MARKETING_VERSION = 1.0;
				PRODUCT_BUNDLE_IDENTIFIER = com.giovannimonaco.NanoChallengeUITests;
				PRODUCT_NAME = "$(TARGET_NAME)";
				SWIFT_EMIT_LOC_STRINGS = NO;
				SWIFT_VERSION = 5.0;
				TARGETED_DEVICE_FAMILY = "1,2";
				TEST_TARGET_NAME = NanoChallenge;
			};
			name = Debug;
		};
		1E9935172B0383BA00D02AEE /* Release */ = {
			isa = XCBuildConfiguration;
			buildSettings = {
				ALWAYS_EMBED_SWIFT_STANDARD_LIBRARIES = YES;
				CODE_SIGN_STYLE = Automatic;
				CURRENT_PROJECT_VERSION = 1;
				DEVELOPMENT_TEAM = Y6ZAXJYCD5;
				GENERATE_INFOPLIST_FILE = YES;
				MARKETING_VERSION = 1.0;
				PRODUCT_BUNDLE_IDENTIFIER = com.giovannimonaco.NanoChallengeUITests;
				PRODUCT_NAME = "$(TARGET_NAME)";
				SWIFT_EMIT_LOC_STRINGS = NO;
				SWIFT_VERSION = 5.0;
				TARGETED_DEVICE_FAMILY = "1,2";
				TEST_TARGET_NAME = NanoChallenge;
			};
			name = Release;
		};
/* End XCBuildConfiguration section */

/* Begin XCConfigurationList section */
		1E9934E42B0383B900D02AEE /* Build configuration list for PBXProject "NanoChallenge" */ = {
			isa = XCConfigurationList;
			buildConfigurations = (
				1E99350D2B0383BA00D02AEE /* Debug */,
				1E99350E2B0383BA00D02AEE /* Release */,
			);
			defaultConfigurationIsVisible = 0;
			defaultConfigurationName = Release;
		};
		1E99350F2B0383BA00D02AEE /* Build configuration list for PBXNativeTarget "NanoChallenge" */ = {
			isa = XCConfigurationList;
			buildConfigurations = (
				1E9935102B0383BA00D02AEE /* Debug */,
				1E9935112B0383BA00D02AEE /* Release */,
			);
			defaultConfigurationIsVisible = 0;
			defaultConfigurationName = Release;
		};
		1E9935122B0383BA00D02AEE /* Build configuration list for PBXNativeTarget "NanoChallengeTests" */ = {
			isa = XCConfigurationList;
			buildConfigurations = (
				1E9935132B0383BA00D02AEE /* Debug */,
				1E9935142B0383BA00D02AEE /* Release */,
			);
			defaultConfigurationIsVisible = 0;
			defaultConfigurationName = Release;
		};
		1E9935152B0383BA00D02AEE /* Build configuration list for PBXNativeTarget "NanoChallengeUITests" */ = {
			isa = XCConfigurationList;
			buildConfigurations = (
				1E9935162B0383BA00D02AEE /* Debug */,
				1E9935172B0383BA00D02AEE /* Release */,
			);
			defaultConfigurationIsVisible = 0;
			defaultConfigurationName = Release;
		};
/* End XCConfigurationList section */
	};
	rootObject = 1E9934E12B0383B900D02AEE /* Project object */;
}
